
Microsoft Visual Studio Solution File, Format Version 12.00
# Visual Studio Version 17
VisualStudioVersion = 17.3.32929.385
MinimumVisualStudioVersion = 10.0.40219.1
Project("{FAE04EC0-301F-11D3-BF4B-00C04F79EFBC}") = "Ornek1", "Ornek1\Ornek1.csproj", "{955D04F1-4AE2-4958-8C12-52A51CCB2414}"
EndProject
Global
	GlobalSection(SolutionConfigurationPlatforms) = preSolution
		Debug|Any CPU = Debug|Any CPU
		Release|Any CPU = Release|Any CPU
	EndGlobalSection
	GlobalSection(ProjectConfigurationPlatforms) = postSolution
		{955D04F1-4AE2-4958-8C12-52A51CCB2414}.Debug|Any CPU.ActiveCfg = Debug|Any CPU
		{955D04F1-4AE2-4958-8C12-52A51CCB2414}.Debug|Any CPU.Build.0 = Debug|Any CPU
		{955D04F1-4AE2-4958-8C12-52A51CCB2414}.Release|Any CPU.ActiveCfg = Release|Any CPU
		{955D04F1-4AE2-4958-8C12-52A51CCB2414}.Release|Any CPU.Build.0 = Release|Any CPU
	EndGlobalSection
	GlobalSection(SolutionProperties) = preSolution
		HideSolutionNode = FALSE
	EndGlobalSection
	GlobalSection(ExtensibilityGlobals) = postSolution
		SolutionGuid = {ACF86082-2BE2-4F83-ACCD-B31AF9207795}
	EndGlobalSection
EndGlobal
